
Microsoft Visual Studio Solution File, Format Version 12.00
# Visual Studio 15
VisualStudioVersion = 15.0.27004.2008
MinimumVisualStudioVersion = 10.0.40219.1
Project("{FAE04EC0-301F-11D3-BF4B-00C04F79EFBC}") = "SassV2", "SassV2\SassV2.csproj", "{C07909BE-6276-4676-BDF5-E8F5C33864A5}"
EndProject
Project("{FAE04EC0-301F-11D3-BF4B-00C04F79EFBC}") = "FIGlet.Net", "Lib\FIGlet.Net\FIGlet.Net.csproj", "{A39BFBED-A59F-4C73-8C9D-F182DEE951EB}"
EndProject
Global
	GlobalSection(SolutionConfigurationPlatforms) = preSolution
		Debug|Any CPU = Debug|Any CPU
		Release|Any CPU = Release|Any CPU
	EndGlobalSection
	GlobalSection(ProjectConfigurationPlatforms) = postSolution
		{C07909BE-6276-4676-BDF5-E8F5C33864A5}.Debug|Any CPU.ActiveCfg = Debug|Any CPU
		{C07909BE-6276-4676-BDF5-E8F5C33864A5}.Debug|Any CPU.Build.0 = Debug|Any CPU
		{C07909BE-6276-4676-BDF5-E8F5C33864A5}.Release|Any CPU.ActiveCfg = Release|Any CPU
		{C07909BE-6276-4676-BDF5-E8F5C33864A5}.Release|Any CPU.Build.0 = Release|Any CPU
		{A39BFBED-A59F-4C73-8C9D-F182DEE951EB}.Debug|Any CPU.ActiveCfg = Debug|Any CPU
		{A39BFBED-A59F-4C73-8C9D-F182DEE951EB}.Debug|Any CPU.Build.0 = Debug|Any CPU
		{A39BFBED-A59F-4C73-8C9D-F182DEE951EB}.Release|Any CPU.ActiveCfg = Release|Any CPU
		{A39BFBED-A59F-4C73-8C9D-F182DEE951EB}.Release|Any CPU.Build.0 = Release|Any CPU
	EndGlobalSection
	GlobalSection(SolutionProperties) = preSolution
		HideSolutionNode = FALSE
	EndGlobalSection
	GlobalSection(ExtensibilityGlobals) = postSolution
		SolutionGuid = {B75558E6-B42B-44FB-81D4-1BEAF1457F39}
	EndGlobalSection
EndGlobal
